
Microsoft Visual Studio Solution File, Format Version 10.00
# Visual Studio 2008
Project("{FAE04EC0-301F-11D3-BF4B-00C04F79EFBC}") = "MemcacheDemo", "MemcacheDemo\MemcacheDemo.csproj", "{5586746C-B5D5-49C8-8399-F0BE763BDC50}"
EndProject
Global
	GlobalSection(SolutionConfigurationPlatforms) = preSolution
		Debug|Any CPU = Debug|Any CPU
		Release|Any CPU = Release|Any CPU
	EndGlobalSection
	GlobalSection(ProjectConfigurationPlatforms) = postSolution
		{5586746C-B5D5-49C8-8399-F0BE763BDC50}.Debug|Any CPU.ActiveCfg = Debug|Any CPU
		{5586746C-B5D5-49C8-8399-F0BE763BDC50}.Debug|Any CPU.Build.0 = Debug|Any CPU
		{5586746C-B5D5-49C8-8399-F0BE763BDC50}.Release|Any CPU.ActiveCfg = Release|Any CPU
		{5586746C-B5D5-49C8-8399-F0BE763BDC50}.Release|Any CPU.Build.0 = Release|Any CPU
	EndGlobalSection
	GlobalSection(SolutionProperties) = preSolution
		HideSolutionNode = FALSE
	EndGlobalSection
EndGlobal
